
Microsoft Visual Studio Solution File, Format Version 12.00
# Visual Studio Version 17
VisualStudioVersion = 17.0.31903.59
MinimumVisualStudioVersion = 10.0.40219.1
Project("{9A19103F-16F7-4668-BE54-9A1E7A4F7556}") = "War3-72bian", "War3-72bian\War3-72bian.csproj", "{3C1C3F03-EC74-4A7E-8097-70E590FEB4B9}"
EndProject
Global
	GlobalSection(SolutionConfigurationPlatforms) = preSolution
		Debug|Any CPU = Debug|Any CPU
		Release|Any CPU = Release|Any CPU
	EndGlobalSection
	GlobalSection(ProjectConfigurationPlatforms) = postSolution
		{3C1C3F03-EC74-4A7E-8097-70E590FEB4B9}.Debug|Any CPU.ActiveCfg = Debug|Any CPU
		{3C1C3F03-EC74-4A7E-8097-70E590FEB4B9}.Debug|Any CPU.Build.0 = Debug|Any CPU
		{3C1C3F03-EC74-4A7E-8097-70E590FEB4B9}.Release|Any CPU.ActiveCfg = Release|Any CPU
		{3C1C3F03-EC74-4A7E-8097-70E590FEB4B9}.Release|Any CPU.Build.0 = Release|Any CPU
	EndGlobalSection
	GlobalSection(SolutionProperties) = preSolution
		HideSolutionNode = FALSE
	EndGlobalSection
	GlobalSection(ExtensibilityGlobals) = postSolution
		SolutionGuid = {F6627628-219D-43BB-9BED-06FAC0D9A4D3}
	EndGlobalSection
EndGlobal
